// !$*UTF8*$!
{
	archiveVersion = 1;
	classes = {
	};
	objectVersion = 55;
	objects = {

/* Begin PBXBuildFile section */
		6D23890B087F2139B347FA7C /* Pods_ImagePuzzle_ImagePuzzleUITests.framework in Frameworks */ = {isa = PBXBuildFile; fileRef = F35BBDE7C8E11E32D03FDA70 /* Pods_ImagePuzzle_ImagePuzzleUITests.framework */; };
		7104CFFD28B3842100040ACD /* AppDelegate.swift in Sources */ = {isa = PBXBuildFile; fileRef = 7104CFFC28B3842100040ACD /* AppDelegate.swift */; };
		7104CFFF28B3842100040ACD /* SceneDelegate.swift in Sources */ = {isa = PBXBuildFile; fileRef = 7104CFFE28B3842100040ACD /* SceneDelegate.swift */; };
		7104D00128B3842100040ACD /* ImageListViewController.swift in Sources */ = {isa = PBXBuildFile; fileRef = 7104D00028B3842100040ACD /* ImageListViewController.swift */; };
		7104D00428B3842100040ACD /* Main.storyboard in Resources */ = {isa = PBXBuildFile; fileRef = 7104D00228B3842100040ACD /* Main.storyboard */; };
		7104D00628B3842200040ACD /* Assets.xcassets in Resources */ = {isa = PBXBuildFile; fileRef = 7104D00528B3842200040ACD /* Assets.xcassets */; };
		7104D00928B3842200040ACD /* LaunchScreen.storyboard in Resources */ = {isa = PBXBuildFile; fileRef = 7104D00728B3842200040ACD /* LaunchScreen.storyboard */; };
		7104D01428B3842200040ACD /* ImagePuzzleTests.swift in Sources */ = {isa = PBXBuildFile; fileRef = 7104D01328B3842200040ACD /* ImagePuzzleTests.swift */; };
		7104D01E28B3842200040ACD /* ImagePuzzleUITests.swift in Sources */ = {isa = PBXBuildFile; fileRef = 7104D01D28B3842200040ACD /* ImagePuzzleUITests.swift */; };
		7104D02028B3842200040ACD /* ImagePuzzleUITestsLaunchTests.swift in Sources */ = {isa = PBXBuildFile; fileRef = 7104D01F28B3842200040ACD /* ImagePuzzleUITestsLaunchTests.swift */; };
		71DB487928B38899008EEB79 /* OriginImage.swift in Sources */ = {isa = PBXBuildFile; fileRef = 71DB487828B38899008EEB79 /* OriginImage.swift */; };
		71DB487C28B38982008EEB79 /* ImageListViewModel.swift in Sources */ = {isa = PBXBuildFile; fileRef = 71DB487B28B38982008EEB79 /* ImageListViewModel.swift */; };
		71DB487E28B38A5D008EEB79 /* ImageListViewCell.swift in Sources */ = {isa = PBXBuildFile; fileRef = 71DB487D28B38A5D008EEB79 /* ImageListViewCell.swift */; };
		71DB488028B38E23008EEB79 /* PuzzleViewController.swift in Sources */ = {isa = PBXBuildFile; fileRef = 71DB487F28B38E23008EEB79 /* PuzzleViewController.swift */; };
		71DB488228B38E59008EEB79 /* PuzzleVIewModel.swift in Sources */ = {isa = PBXBuildFile; fileRef = 71DB488128B38E59008EEB79 /* PuzzleVIewModel.swift */; };
		71DB488428B38F7B008EEB79 /* PuzzleImage.swift in Sources */ = {isa = PBXBuildFile; fileRef = 71DB488328B38F7B008EEB79 /* PuzzleImage.swift */; };
		71DB488628B39504008EEB79 /* PuzzleRandomImaeListCell.swift in Sources */ = {isa = PBXBuildFile; fileRef = 71DB488528B39504008EEB79 /* PuzzleRandomImaeListCell.swift */; };
		71DB488828B3C1BC008EEB79 /* PuzzleCell.swift in Sources */ = {isa = PBXBuildFile; fileRef = 71DB488728B3C1BC008EEB79 /* PuzzleCell.swift */; };
		97870B4E1B44B83236A58E76 /* Pods_ImagePuzzleTests.framework in Frameworks */ = {isa = PBXBuildFile; fileRef = E5E4CC782DA25E0C6ED0B93C /* Pods_ImagePuzzleTests.framework */; };
		E2DCC3F6B76216297EFF7690 /* Pods_ImagePuzzle.framework in Frameworks */ = {isa = PBXBuildFile; fileRef = E8FD00DFD1D153C7DB4826D2 /* Pods_ImagePuzzle.framework */; };
/* End PBXBuildFile section */

/* Begin PBXContainerItemProxy section */
		7104D01028B3842200040ACD /* PBXContainerItemProxy */ = {
			isa = PBXContainerItemProxy;
			containerPortal = 7104CFF128B3842100040ACD /* Project object */;
			proxyType = 1;
			remoteGlobalIDString = 7104CFF828B3842100040ACD;
			remoteInfo = ImagePuzzle;
		};
		7104D01A28B3842200040ACD /* PBXContainerItemProxy */ = {
			isa = PBXContainerItemProxy;
			containerPortal = 7104CFF128B3842100040ACD /* Project object */;
			proxyType = 1;
			remoteGlobalIDString = 7104CFF828B3842100040ACD;
			remoteInfo = ImagePuzzle;
		};
/* End PBXContainerItemProxy section */

/* Begin PBXFileReference section */
		14BC144FC7B0128D1473D90E /* Pods-ImagePuzzleTests.release.xcconfig */ = {isa = PBXFileReference; includeInIndex = 1; lastKnownFileType = text.xcconfig; name = "Pods-ImagePuzzleTests.release.xcconfig"; path = "Target Support Files/Pods-ImagePuzzleTests/Pods-ImagePuzzleTests.release.xcconfig"; sourceTree = "<group>"; };
		211770F8F1A86EA389F9086E /* Pods-ImagePuzzle.release.xcconfig */ = {isa = PBXFileReference; includeInIndex = 1; lastKnownFileType = text.xcconfig; name = "Pods-ImagePuzzle.release.xcconfig"; path = "Target Support Files/Pods-ImagePuzzle/Pods-ImagePuzzle.release.xcconfig"; sourceTree = "<group>"; };
		2F92407A8C936FBA67E0E8E0 /* Pods-ImagePuzzle-ImagePuzzleUITests.release.xcconfig */ = {isa = PBXFileReference; includeInIndex = 1; lastKnownFileType = text.xcconfig; name = "Pods-ImagePuzzle-ImagePuzzleUITests.release.xcconfig"; path = "Target Support Files/Pods-ImagePuzzle-ImagePuzzleUITests/Pods-ImagePuzzle-ImagePuzzleUITests.release.xcconfig"; sourceTree = "<group>"; };
		7104CFF928B3842100040ACD /* ImagePuzzle.app */ = {isa = PBXFileReference; explicitFileType = wrapper.application; includeInIndex = 0; path = ImagePuzzle.app; sourceTree = BUILT_PRODUCTS_DIR; };
		7104CFFC28B3842100040ACD /* AppDelegate.swift */ = {isa = PBXFileReference; lastKnownFileType = sourcecode.swift; path = AppDelegate.swift; sourceTree = "<group>"; };
		7104CFFE28B3842100040ACD /* SceneDelegate.swift */ = {isa = PBXFileReference; lastKnownFileType = sourcecode.swift; path = SceneDelegate.swift; sourceTree = "<group>"; };
		7104D00028B3842100040ACD /* ImageListViewController.swift */ = {isa = PBXFileReference; lastKnownFileType = sourcecode.swift; path = ImageListViewController.swift; sourceTree = "<group>"; };
		7104D00328B3842100040ACD /* Base */ = {isa = PBXFileReference; lastKnownFileType = file.storyboard; name = Base; path = Base.lproj/Main.storyboard; sourceTree = "<group>"; };
		7104D00528B3842200040ACD /* Assets.xcassets */ = {isa = PBXFileReference; lastKnownFileType = folder.assetcatalog; path = Assets.xcassets; sourceTree = "<group>"; };
		7104D00828B3842200040ACD /* Base */ = {isa = PBXFileReference; lastKnownFileType = file.storyboard; name = Base; path = Base.lproj/LaunchScreen.storyboard; sourceTree = "<group>"; };
		7104D00A28B3842200040ACD /* Info.plist */ = {isa = PBXFileReference; lastKnownFileType = text.plist.xml; path = Info.plist; sourceTree = "<group>"; };
		7104D00F28B3842200040ACD /* ImagePuzzleTests.xctest */ = {isa = PBXFileReference; explicitFileType = wrapper.cfbundle; includeInIndex = 0; path = ImagePuzzleTests.xctest; sourceTree = BUILT_PRODUCTS_DIR; };
		7104D01328B3842200040ACD /* ImagePuzzleTests.swift */ = {isa = PBXFileReference; lastKnownFileType = sourcecode.swift; path = ImagePuzzleTests.swift; sourceTree = "<group>"; };
		7104D01928B3842200040ACD /* ImagePuzzleUITests.xctest */ = {isa = PBXFileReference; explicitFileType = wrapper.cfbundle; includeInIndex = 0; path = ImagePuzzleUITests.xctest; sourceTree = BUILT_PRODUCTS_DIR; };
		7104D01D28B3842200040ACD /* ImagePuzzleUITests.swift */ = {isa = PBXFileReference; lastKnownFileType = sourcecode.swift; path = ImagePuzzleUITests.swift; sourceTree = "<group>"; };
		7104D01F28B3842200040ACD /* ImagePuzzleUITestsLaunchTests.swift */ = {isa = PBXFileReference; lastKnownFileType = sourcecode.swift; path = ImagePuzzleUITestsLaunchTests.swift; sourceTree = "<group>"; };
		71DB487828B38899008EEB79 /* OriginImage.swift */ = {isa = PBXFileReference; lastKnownFileType = sourcecode.swift; path = OriginImage.swift; sourceTree = "<group>"; };
		71DB487B28B38982008EEB79 /* ImageListViewModel.swift */ = {isa = PBXFileReference; lastKnownFileType = sourcecode.swift; path = ImageListViewModel.swift; sourceTree = "<group>"; };
		71DB487D28B38A5D008EEB79 /* ImageListViewCell.swift */ = {isa = PBXFileReference; lastKnownFileType = sourcecode.swift; path = ImageListViewCell.swift; sourceTree = "<group>"; };
		71DB487F28B38E23008EEB79 /* PuzzleViewController.swift */ = {isa = PBXFileReference; lastKnownFileType = sourcecode.swift; path = PuzzleViewController.swift; sourceTree = "<group>"; };
		71DB488128B38E59008EEB79 /* PuzzleVIewModel.swift */ = {isa = PBXFileReference; lastKnownFileType = sourcecode.swift; path = PuzzleVIewModel.swift; sourceTree = "<group>"; };
		71DB488328B38F7B008EEB79 /* PuzzleImage.swift */ = {isa = PBXFileReference; lastKnownFileType = sourcecode.swift; path = PuzzleImage.swift; sourceTree = "<group>"; };
		71DB488528B39504008EEB79 /* PuzzleRandomImaeListCell.swift */ = {isa = PBXFileReference; lastKnownFileType = sourcecode.swift; path = PuzzleRandomImaeListCell.swift; sourceTree = "<group>"; };
		71DB488728B3C1BC008EEB79 /* PuzzleCell.swift */ = {isa = PBXFileReference; lastKnownFileType = sourcecode.swift; path = PuzzleCell.swift; sourceTree = "<group>"; };
		DA1CD0D778FF8A5A4ED5DFC1 /* Pods-ImagePuzzleTests.debug.xcconfig */ = {isa = PBXFileReference; includeInIndex = 1; lastKnownFileType = text.xcconfig; name = "Pods-ImagePuzzleTests.debug.xcconfig"; path = "Target Support Files/Pods-ImagePuzzleTests/Pods-ImagePuzzleTests.debug.xcconfig"; sourceTree = "<group>"; };
		DB27FB4341E1669E35A24FB8 /* Pods-ImagePuzzle-ImagePuzzleUITests.debug.xcconfig */ = {isa = PBXFileReference; includeInIndex = 1; lastKnownFileType = text.xcconfig; name = "Pods-ImagePuzzle-ImagePuzzleUITests.debug.xcconfig"; path = "Target Support Files/Pods-ImagePuzzle-ImagePuzzleUITests/Pods-ImagePuzzle-ImagePuzzleUITests.debug.xcconfig"; sourceTree = "<group>"; };
		E5E4CC782DA25E0C6ED0B93C /* Pods_ImagePuzzleTests.framework */ = {isa = PBXFileReference; explicitFileType = wrapper.framework; includeInIndex = 0; path = Pods_ImagePuzzleTests.framework; sourceTree = BUILT_PRODUCTS_DIR; };
		E8FD00DFD1D153C7DB4826D2 /* Pods_ImagePuzzle.framework */ = {isa = PBXFileReference; explicitFileType = wrapper.framework; includeInIndex = 0; path = Pods_ImagePuzzle.framework; sourceTree = BUILT_PRODUCTS_DIR; };
		F35BBDE7C8E11E32D03FDA70 /* Pods_ImagePuzzle_ImagePuzzleUITests.framework */ = {isa = PBXFileReference; explicitFileType = wrapper.framework; includeInIndex = 0; path = Pods_ImagePuzzle_ImagePuzzleUITests.framework; sourceTree = BUILT_PRODUCTS_DIR; };
		FD6EFEFFED78371B9E1AC624 /* Pods-ImagePuzzle.debug.xcconfig */ = {isa = PBXFileReference; includeInIndex = 1; lastKnownFileType = text.xcconfig; name = "Pods-ImagePuzzle.debug.xcconfig"; path = "Target Support Files/Pods-ImagePuzzle/Pods-ImagePuzzle.debug.xcconfig"; sourceTree = "<group>"; };
/* End PBXFileReference section */

/* Begin PBXFrameworksBuildPhase section */
		7104CFF628B3842100040ACD /* Frameworks */ = {
			isa = PBXFrameworksBuildPhase;
			buildActionMask = 2147483647;
			files = (
				E2DCC3F6B76216297EFF7690 /* Pods_ImagePuzzle.framework in Frameworks */,
			);
			runOnlyForDeploymentPostprocessing = 0;
		};
		7104D00C28B3842200040ACD /* Frameworks */ = {
			isa = PBXFrameworksBuildPhase;
			buildActionMask = 2147483647;
			files = (
				97870B4E1B44B83236A58E76 /* Pods_ImagePuzzleTests.framework in Frameworks */,
			);
			runOnlyForDeploymentPostprocessing = 0;
		};
		7104D01628B3842200040ACD /* Frameworks */ = {
			isa = PBXFrameworksBuildPhase;
			buildActionMask = 2147483647;
			files = (
				6D23890B087F2139B347FA7C /* Pods_ImagePuzzle_ImagePuzzleUITests.framework in Frameworks */,
			);
			runOnlyForDeploymentPostprocessing = 0;
		};
/* End PBXFrameworksBuildPhase section */

/* Begin PBXGroup section */
		3D7F176C0F25CA5A0A7BBF48 /* Frameworks */ = {
			isa = PBXGroup;
			children = (
				E8FD00DFD1D153C7DB4826D2 /* Pods_ImagePuzzle.framework */,
				F35BBDE7C8E11E32D03FDA70 /* Pods_ImagePuzzle_ImagePuzzleUITests.framework */,
				E5E4CC782DA25E0C6ED0B93C /* Pods_ImagePuzzleTests.framework */,
			);
			name = Frameworks;
			sourceTree = "<group>";
		};
		7104CFF028B3842100040ACD = {
			isa = PBXGroup;
			children = (
				7104CFFB28B3842100040ACD /* ImagePuzzle */,
				7104D01228B3842200040ACD /* ImagePuzzleTests */,
				7104D01C28B3842200040ACD /* ImagePuzzleUITests */,
				7104CFFA28B3842100040ACD /* Products */,
				BE3A25CD0B16E4DBB444035E /* Pods */,
				3D7F176C0F25CA5A0A7BBF48 /* Frameworks */,
			);
			sourceTree = "<group>";
		};
		7104CFFA28B3842100040ACD /* Products */ = {
			isa = PBXGroup;
			children = (
				7104CFF928B3842100040ACD /* ImagePuzzle.app */,
				7104D00F28B3842200040ACD /* ImagePuzzleTests.xctest */,
				7104D01928B3842200040ACD /* ImagePuzzleUITests.xctest */,
			);
			name = Products;
			sourceTree = "<group>";
		};
		7104CFFB28B3842100040ACD /* ImagePuzzle */ = {
			isa = PBXGroup;
			children = (
				7104D00A28B3842200040ACD /* Info.plist */,
				7104D02C28B386AB00040ACD /* Source */,
				7104D02D28B386AF00040ACD /* Resource */,
			);
			path = ImagePuzzle;
			sourceTree = "<group>";
		};
		7104D01228B3842200040ACD /* ImagePuzzleTests */ = {
			isa = PBXGroup;
			children = (
				7104D01328B3842200040ACD /* ImagePuzzleTests.swift */,
			);
			path = ImagePuzzleTests;
			sourceTree = "<group>";
		};
		7104D01C28B3842200040ACD /* ImagePuzzleUITests */ = {
			isa = PBXGroup;
			children = (
				7104D01D28B3842200040ACD /* ImagePuzzleUITests.swift */,
				7104D01F28B3842200040ACD /* ImagePuzzleUITestsLaunchTests.swift */,
			);
			path = ImagePuzzleUITests;
			sourceTree = "<group>";
		};
		7104D02C28B386AB00040ACD /* Source */ = {
			isa = PBXGroup;
			children = (
				7104D02E28B386CD00040ACD /* Delegate */,
				7104D02F28B386D500040ACD /* UI */,
				71DB487628B38869008EEB79 /* Helper */,
			);
			path = Source;
			sourceTree = "<group>";
		};
		7104D02D28B386AF00040ACD /* Resource */ = {
			isa = PBXGroup;
			children = (
				7104D00528B3842200040ACD /* Assets.xcassets */,
			);
			path = Resource;
			sourceTree = "<group>";
		};
		7104D02E28B386CD00040ACD /* Delegate */ = {
			isa = PBXGroup;
			children = (
				7104CFFC28B3842100040ACD /* AppDelegate.swift */,
				7104CFFE28B3842100040ACD /* SceneDelegate.swift */,
			);
			path = Delegate;
			sourceTree = "<group>";
		};
		7104D02F28B386D500040ACD /* UI */ = {
			isa = PBXGroup;
			children = (
				7104D00228B3842100040ACD /* Main.storyboard */,
				7104D00728B3842200040ACD /* LaunchScreen.storyboard */,
				7104D00028B3842100040ACD /* ImageListViewController.swift */,
				71DB487D28B38A5D008EEB79 /* ImageListViewCell.swift */,
				71DB487F28B38E23008EEB79 /* PuzzleViewController.swift */,
				71DB488528B39504008EEB79 /* PuzzleRandomImaeListCell.swift */,
				71DB488728B3C1BC008EEB79 /* PuzzleCell.swift */,
			);
			path = UI;
			sourceTree = "<group>";
		};
		71DB487628B38869008EEB79 /* Helper */ = {
			isa = PBXGroup;
			children = (
				71DB487728B38873008EEB79 /* Model */,
				71DB487A28B38975008EEB79 /* ViewModel */,
			);
			path = Helper;
			sourceTree = "<group>";
		};
		71DB487728B38873008EEB79 /* Model */ = {
			isa = PBXGroup;
			children = (
				71DB487828B38899008EEB79 /* OriginImage.swift */,
				71DB488328B38F7B008EEB79 /* PuzzleImage.swift */,
			);
			path = Model;
			sourceTree = "<group>";
		};
		71DB487A28B38975008EEB79 /* ViewModel */ = {
			isa = PBXGroup;
			children = (
				71DB487B28B38982008EEB79 /* ImageListViewModel.swift */,
				71DB488128B38E59008EEB79 /* PuzzleVIewModel.swift */,
			);
			path = ViewModel;
			sourceTree = "<group>";
		};
		BE3A25CD0B16E4DBB444035E /* Pods */ = {
			isa = PBXGroup;
			children = (
				FD6EFEFFED78371B9E1AC624 /* Pods-ImagePuzzle.debug.xcconfig */,
				211770F8F1A86EA389F9086E /* Pods-ImagePuzzle.release.xcconfig */,
				DB27FB4341E1669E35A24FB8 /* Pods-ImagePuzzle-ImagePuzzleUITests.debug.xcconfig */,
				2F92407A8C936FBA67E0E8E0 /* Pods-ImagePuzzle-ImagePuzzleUITests.release.xcconfig */,
				DA1CD0D778FF8A5A4ED5DFC1 /* Pods-ImagePuzzleTests.debug.xcconfig */,
				14BC144FC7B0128D1473D90E /* Pods-ImagePuzzleTests.release.xcconfig */,
			);
			path = Pods;
			sourceTree = "<group>";
		};
/* End PBXGroup section */

/* Begin PBXNativeTarget section */
		7104CFF828B3842100040ACD /* ImagePuzzle */ = {
			isa = PBXNativeTarget;
			buildConfigurationList = 7104D02328B3842200040ACD /* Build configuration list for PBXNativeTarget "ImagePuzzle" */;
			buildPhases = (
				83B13C86D449C9CC4B44F065 /* [CP] Check Pods Manifest.lock */,
				7104CFF528B3842100040ACD /* Sources */,
				7104CFF628B3842100040ACD /* Frameworks */,
				7104CFF728B3842100040ACD /* Resources */,
				F207A359CE347AAF036DA3F6 /* [CP] Embed Pods Frameworks */,
			);
			buildRules = (
			);
			dependencies = (
			);
			name = ImagePuzzle;
			productName = ImagePuzzle;
			productReference = 7104CFF928B3842100040ACD /* ImagePuzzle.app */;
			productType = "com.apple.product-type.application";
		};
		7104D00E28B3842200040ACD /* ImagePuzzleTests */ = {
			isa = PBXNativeTarget;
			buildConfigurationList = 7104D02628B3842200040ACD /* Build configuration list for PBXNativeTarget "ImagePuzzleTests" */;
			buildPhases = (
				866B66C8931EC94A9A3D4205 /* [CP] Check Pods Manifest.lock */,
				7104D00B28B3842200040ACD /* Sources */,
				7104D00C28B3842200040ACD /* Frameworks */,
				7104D00D28B3842200040ACD /* Resources */,
			);
			buildRules = (
			);
			dependencies = (
				7104D01128B3842200040ACD /* PBXTargetDependency */,
			);
			name = ImagePuzzleTests;
			productName = ImagePuzzleTests;
			productReference = 7104D00F28B3842200040ACD /* ImagePuzzleTests.xctest */;
			productType = "com.apple.product-type.bundle.unit-test";
		};
		7104D01828B3842200040ACD /* ImagePuzzleUITests */ = {
			isa = PBXNativeTarget;
			buildConfigurationList = 7104D02928B3842200040ACD /* Build configuration list for PBXNativeTarget "ImagePuzzleUITests" */;
			buildPhases = (
				FD5AA4B9479F10DF931CA84A /* [CP] Check Pods Manifest.lock */,
				7104D01528B3842200040ACD /* Sources */,
				7104D01628B3842200040ACD /* Frameworks */,
				7104D01728B3842200040ACD /* Resources */,
				14DC31B18A8B1D2748AB29CC /* [CP] Embed Pods Frameworks */,
			);
			buildRules = (
			);
			dependencies = (
				7104D01B28B3842200040ACD /* PBXTargetDependency */,
			);
			name = ImagePuzzleUITests;
			productName = ImagePuzzleUITests;
			productReference = 7104D01928B3842200040ACD /* ImagePuzzleUITests.xctest */;
			productType = "com.apple.product-type.bundle.ui-testing";
		};
/* End PBXNativeTarget section */

/* Begin PBXProject section */
		7104CFF128B3842100040ACD /* Project object */ = {
			isa = PBXProject;
			attributes = {
				BuildIndependentTargetsInParallel = 1;
				LastSwiftUpdateCheck = 1340;
				LastUpgradeCheck = 1340;
				TargetAttributes = {
					7104CFF828B3842100040ACD = {
						CreatedOnToolsVersion = 13.4.1;
					};
					7104D00E28B3842200040ACD = {
						CreatedOnToolsVersion = 13.4.1;
						TestTargetID = 7104CFF828B3842100040ACD;
					};
					7104D01828B3842200040ACD = {
						CreatedOnToolsVersion = 13.4.1;
						TestTargetID = 7104CFF828B3842100040ACD;
					};
				};
			};
			buildConfigurationList = 7104CFF428B3842100040ACD /* Build configuration list for PBXProject "ImagePuzzle" */;
			compatibilityVersion = "Xcode 13.0";
			developmentRegion = en;
			hasScannedForEncodings = 0;
			knownRegions = (
				en,
				Base,
			);
			mainGroup = 7104CFF028B3842100040ACD;
			productRefGroup = 7104CFFA28B3842100040ACD /* Products */;
			projectDirPath = "";
			projectRoot = "";
			targets = (
				7104CFF828B3842100040ACD /* ImagePuzzle */,
				7104D00E28B3842200040ACD /* ImagePuzzleTests */,
				7104D01828B3842200040ACD /* ImagePuzzleUITests */,
			);
		};
/* End PBXProject section */

/* Begin PBXResourcesBuildPhase section */
		7104CFF728B3842100040ACD /* Resources */ = {
			isa = PBXResourcesBuildPhase;
			buildActionMask = 2147483647;
			files = (
				7104D00928B3842200040ACD /* LaunchScreen.storyboard in Resources */,
				7104D00628B3842200040ACD /* Assets.xcassets in Resources */,
				7104D00428B3842100040ACD /* Main.storyboard in Resources */,
			);
			runOnlyForDeploymentPostprocessing = 0;
		};
		7104D00D28B3842200040ACD /* Resources */ = {
			isa = PBXResourcesBuildPhase;
			buildActionMask = 2147483647;
			files = (
			);
			runOnlyForDeploymentPostprocessing = 0;
		};
		7104D01728B3842200040ACD /* Resources */ = {
			isa = PBXResourcesBuildPhase;
			buildActionMask = 2147483647;
			files = (
			);
			runOnlyForDeploymentPostprocessing = 0;
		};
/* End PBXResourcesBuildPhase section */

/* Begin PBXShellScriptBuildPhase section */
		14DC31B18A8B1D2748AB29CC /* [CP] Embed Pods Frameworks */ = {
			isa = PBXShellScriptBuildPhase;
			buildActionMask = 2147483647;
			files = (
			);
			inputFileListPaths = (
				"${PODS_ROOT}/Target Support Files/Pods-ImagePuzzle-ImagePuzzleUITests/Pods-ImagePuzzle-ImagePuzzleUITests-frameworks-${CONFIGURATION}-input-files.xcfilelist",
			);
			name = "[CP] Embed Pods Frameworks";
			outputFileListPaths = (
				"${PODS_ROOT}/Target Support Files/Pods-ImagePuzzle-ImagePuzzleUITests/Pods-ImagePuzzle-ImagePuzzleUITests-frameworks-${CONFIGURATION}-output-files.xcfilelist",
			);
			runOnlyForDeploymentPostprocessing = 0;
			shellPath = /bin/sh;
			shellScript = "\"${PODS_ROOT}/Target Support Files/Pods-ImagePuzzle-ImagePuzzleUITests/Pods-ImagePuzzle-ImagePuzzleUITests-frameworks.sh\"\n";
			showEnvVarsInLog = 0;
		};
		83B13C86D449C9CC4B44F065 /* [CP] Check Pods Manifest.lock */ = {
			isa = PBXShellScriptBuildPhase;
			buildActionMask = 2147483647;
			files = (
			);
			inputFileListPaths = (
			);
			inputPaths = (
				"${PODS_PODFILE_DIR_PATH}/Podfile.lock",
				"${PODS_ROOT}/Manifest.lock",
			);
			name = "[CP] Check Pods Manifest.lock";
			outputFileListPaths = (
			);
			outputPaths = (
				"$(DERIVED_FILE_DIR)/Pods-ImagePuzzle-checkManifestLockResult.txt",
			);
			runOnlyForDeploymentPostprocessing = 0;
			shellPath = /bin/sh;
			shellScript = "diff \"${PODS_PODFILE_DIR_PATH}/Podfile.lock\" \"${PODS_ROOT}/Manifest.lock\" > /dev/null\nif [ $? != 0 ] ; then\n    # print error to STDERR\n    echo \"error: The sandbox is not in sync with the Podfile.lock. Run 'pod install' or update your CocoaPods installation.\" >&2\n    exit 1\nfi\n# This output is used by Xcode 'outputs' to avoid re-running this script phase.\necho \"SUCCESS\" > \"${SCRIPT_OUTPUT_FILE_0}\"\n";
			showEnvVarsInLog = 0;
		};
		866B66C8931EC94A9A3D4205 /* [CP] Check Pods Manifest.lock */ = {
			isa = PBXShellScriptBuildPhase;
			buildActionMask = 2147483647;
			files = (
			);
			inputFileListPaths = (
			);
			inputPaths = (
				"${PODS_PODFILE_DIR_PATH}/Podfile.lock",
				"${PODS_ROOT}/Manifest.lock",
			);
			name = "[CP] Check Pods Manifest.lock";
			outputFileListPaths = (
			);
			outputPaths = (
				"$(DERIVED_FILE_DIR)/Pods-ImagePuzzleTests-checkManifestLockResult.txt",
			);
			runOnlyForDeploymentPostprocessing = 0;
			shellPath = /bin/sh;
			shellScript = "diff \"${PODS_PODFILE_DIR_PATH}/Podfile.lock\" \"${PODS_ROOT}/Manifest.lock\" > /dev/null\nif [ $? != 0 ] ; then\n    # print error to STDERR\n    echo \"error: The sandbox is not in sync with the Podfile.lock. Run 'pod install' or update your CocoaPods installation.\" >&2\n    exit 1\nfi\n# This output is used by Xcode 'outputs' to avoid re-running this script phase.\necho \"SUCCESS\" > \"${SCRIPT_OUTPUT_FILE_0}\"\n";
			showEnvVarsInLog = 0;
		};
		F207A359CE347AAF036DA3F6 /* [CP] Embed Pods Frameworks */ = {
			isa = PBXShellScriptBuildPhase;
			buildActionMask = 2147483647;
			files = (
			);
			inputFileListPaths = (
				"${PODS_ROOT}/Target Support Files/Pods-ImagePuzzle/Pods-ImagePuzzle-frameworks-${CONFIGURATION}-input-files.xcfilelist",
			);
			name = "[CP] Embed Pods Frameworks";
			outputFileListPaths = (
				"${PODS_ROOT}/Target Support Files/Pods-ImagePuzzle/Pods-ImagePuzzle-frameworks-${CONFIGURATION}-output-files.xcfilelist",
			);
			runOnlyForDeploymentPostprocessing = 0;
			shellPath = /bin/sh;
			shellScript = "\"${PODS_ROOT}/Target Support Files/Pods-ImagePuzzle/Pods-ImagePuzzle-frameworks.sh\"\n";
			showEnvVarsInLog = 0;
		};
		FD5AA4B9479F10DF931CA84A /* [CP] Check Pods Manifest.lock */ = {
			isa = PBXShellScriptBuildPhase;
			buildActionMask = 2147483647;
			files = (
			);
			inputFileListPaths = (
			);
			inputPaths = (
				"${PODS_PODFILE_DIR_PATH}/Podfile.lock",
				"${PODS_ROOT}/Manifest.lock",
			);
			name = "[CP] Check Pods Manifest.lock";
			outputFileListPaths = (
			);
			outputPaths = (
				"$(DERIVED_FILE_DIR)/Pods-ImagePuzzle-ImagePuzzleUITests-checkManifestLockResult.txt",
			);
			runOnlyForDeploymentPostprocessing = 0;
			shellPath = /bin/sh;
			shellScript = "diff \"${PODS_PODFILE_DIR_PATH}/Podfile.lock\" \"${PODS_ROOT}/Manifest.lock\" > /dev/null\nif [ $? != 0 ] ; then\n    # print error to STDERR\n    echo \"error: The sandbox is not in sync with the Podfile.lock. Run 'pod install' or update your CocoaPods installation.\" >&2\n    exit 1\nfi\n# This output is used by Xcode 'outputs' to avoid re-running this script phase.\necho \"SUCCESS\" > \"${SCRIPT_OUTPUT_FILE_0}\"\n";
			showEnvVarsInLog = 0;
		};
/* End PBXShellScriptBuildPhase section */

/* Begin PBXSourcesBuildPhase section */
		7104CFF528B3842100040ACD /* Sources */ = {
			isa = PBXSourcesBuildPhase;
			buildActionMask = 2147483647;
			files = (
				71DB487E28B38A5D008EEB79 /* ImageListViewCell.swift in Sources */,
				7104D00128B3842100040ACD /* ImageListViewController.swift in Sources */,
				71DB488028B38E23008EEB79 /* PuzzleViewController.swift in Sources */,
				71DB487C28B38982008EEB79 /* ImageListViewModel.swift in Sources */,
				7104CFFD28B3842100040ACD /* AppDelegate.swift in Sources */,
				71DB488428B38F7B008EEB79 /* PuzzleImage.swift in Sources */,
				7104CFFF28B3842100040ACD /* SceneDelegate.swift in Sources */,
				71DB488828B3C1BC008EEB79 /* PuzzleCell.swift in Sources */,
				71DB488228B38E59008EEB79 /* PuzzleVIewModel.swift in Sources */,
				71DB488628B39504008EEB79 /* PuzzleRandomImaeListCell.swift in Sources */,
				71DB487928B38899008EEB79 /* OriginImage.swift in Sources */,
			);
			runOnlyForDeploymentPostprocessing = 0;
		};
		7104D00B28B3842200040ACD /* Sources */ = {
			isa = PBXSourcesBuildPhase;
			buildActionMask = 2147483647;
			files = (
				7104D01428B3842200040ACD /* ImagePuzzleTests.swift in Sources */,
			);
			runOnlyForDeploymentPostprocessing = 0;
		};
		7104D01528B3842200040ACD /* Sources */ = {
			isa = PBXSourcesBuildPhase;
			buildActionMask = 2147483647;
			files = (
				7104D02028B3842200040ACD /* ImagePuzzleUITestsLaunchTests.swift in Sources */,
				7104D01E28B3842200040ACD /* ImagePuzzleUITests.swift in Sources */,
			);
			runOnlyForDeploymentPostprocessing = 0;
		};
/* End PBXSourcesBuildPhase section */

/* Begin PBXTargetDependency section */
		7104D01128B3842200040ACD /* PBXTargetDependency */ = {
			isa = PBXTargetDependency;
			target = 7104CFF828B3842100040ACD /* ImagePuzzle */;
			targetProxy = 7104D01028B3842200040ACD /* PBXContainerItemProxy */;
		};
		7104D01B28B3842200040ACD /* PBXTargetDependency */ = {
			isa = PBXTargetDependency;
			target = 7104CFF828B3842100040ACD /* ImagePuzzle */;
			targetProxy = 7104D01A28B3842200040ACD /* PBXContainerItemProxy */;
		};
/* End PBXTargetDependency section */

/* Begin PBXVariantGroup section */
		7104D00228B3842100040ACD /* Main.storyboard */ = {
			isa = PBXVariantGroup;
			children = (
				7104D00328B3842100040ACD /* Base */,
			);
			name = Main.storyboard;
			sourceTree = "<group>";
		};
		7104D00728B3842200040ACD /* LaunchScreen.storyboard */ = {
			isa = PBXVariantGroup;
			children = (
				7104D00828B3842200040ACD /* Base */,
			);
			name = LaunchScreen.storyboard;
			sourceTree = "<group>";
		};
/* End PBXVariantGroup section */

/* Begin XCBuildConfiguration section */
		7104D02128B3842200040ACD /* Debug */ = {
			isa = XCBuildConfiguration;
			buildSettings = {
				ALWAYS_SEARCH_USER_PATHS = NO;
				CLANG_ANALYZER_NONNULL = YES;
				CLANG_ANALYZER_NUMBER_OBJECT_CONVERSION = YES_AGGRESSIVE;
				CLANG_CXX_LANGUAGE_STANDARD = "gnu++17";
				CLANG_ENABLE_MODULES = YES;
				CLANG_ENABLE_OBJC_ARC = YES;
				CLANG_ENABLE_OBJC_WEAK = YES;
				CLANG_WARN_BLOCK_CAPTURE_AUTORELEASING = YES;
				CLANG_WARN_BOOL_CONVERSION = YES;
				CLANG_WARN_COMMA = YES;
				CLANG_WARN_CONSTANT_CONVERSION = YES;
				CLANG_WARN_DEPRECATED_OBJC_IMPLEMENTATIONS = YES;
				CLANG_WARN_DIRECT_OBJC_ISA_USAGE = YES_ERROR;
				CLANG_WARN_DOCUMENTATION_COMMENTS = YES;
				CLANG_WARN_EMPTY_BODY = YES;
				CLANG_WARN_ENUM_CONVERSION = YES;
				CLANG_WARN_INFINITE_RECURSION = YES;
				CLANG_WARN_INT_CONVERSION = YES;
				CLANG_WARN_NON_LITERAL_NULL_CONVERSION = YES;
				CLANG_WARN_OBJC_IMPLICIT_RETAIN_SELF = YES;
				CLANG_WARN_OBJC_LITERAL_CONVERSION = YES;
				CLANG_WARN_OBJC_ROOT_CLASS = YES_ERROR;
				CLANG_WARN_QUOTED_INCLUDE_IN_FRAMEWORK_HEADER = YES;
				CLANG_WARN_RANGE_LOOP_ANALYSIS = YES;
				CLANG_WARN_STRICT_PROTOTYPES = YES;
				CLANG_WARN_SUSPICIOUS_MOVE = YES;
				CLANG_WARN_UNGUARDED_AVAILABILITY = YES_AGGRESSIVE;
				CLANG_WARN_UNREACHABLE_CODE = YES;
				CLANG_WARN__DUPLICATE_METHOD_MATCH = YES;
				COPY_PHASE_STRIP = NO;
				DEBUG_INFORMATION_FORMAT = dwarf;
				ENABLE_STRICT_OBJC_MSGSEND = YES;
				ENABLE_TESTABILITY = YES;
				GCC_C_LANGUAGE_STANDARD = gnu11;
				GCC_DYNAMIC_NO_PIC = NO;
				GCC_NO_COMMON_BLOCKS = YES;
				GCC_OPTIMIZATION_LEVEL = 0;
				GCC_PREPROCESSOR_DEFINITIONS = (
					"DEBUG=1",
					"$(inherited)",
				);
				GCC_WARN_64_TO_32_BIT_CONVERSION = YES;
				GCC_WARN_ABOUT_RETURN_TYPE = YES_ERROR;
				GCC_WARN_UNDECLARED_SELECTOR = YES;
				GCC_WARN_UNINITIALIZED_AUTOS = YES_AGGRESSIVE;
				GCC_WARN_UNUSED_FUNCTION = YES;
				GCC_WARN_UNUSED_VARIABLE = YES;
				IPHONEOS_DEPLOYMENT_TARGET = 13.0;
				MTL_ENABLE_DEBUG_INFO = INCLUDE_SOURCE;
				MTL_FAST_MATH = YES;
				ONLY_ACTIVE_ARCH = YES;
				SDKROOT = iphoneos;
				SWIFT_ACTIVE_COMPILATION_CONDITIONS = DEBUG;
				SWIFT_OPTIMIZATION_LEVEL = "-Onone";
			};
			name = Debug;
		};
		7104D02228B3842200040ACD /* Release */ = {
			isa = XCBuildConfiguration;
			buildSettings = {
				ALWAYS_SEARCH_USER_PATHS = NO;
				CLANG_ANALYZER_NONNULL = YES;
				CLANG_ANALYZER_NUMBER_OBJECT_CONVERSION = YES_AGGRESSIVE;
				CLANG_CXX_LANGUAGE_STANDARD = "gnu++17";
				CLANG_ENABLE_MODULES = YES;
				CLANG_ENABLE_OBJC_ARC = YES;
				CLANG_ENABLE_OBJC_WEAK = YES;
				CLANG_WARN_BLOCK_CAPTURE_AUTORELEASING = YES;
				CLANG_WARN_BOOL_CONVERSION = YES;
				CLANG_WARN_COMMA = YES;
				CLANG_WARN_CONSTANT_CONVERSION = YES;
				CLANG_WARN_DEPRECATED_OBJC_IMPLEMENTATIONS = YES;
				CLANG_WARN_DIRECT_OBJC_ISA_USAGE = YES_ERROR;
				CLANG_WARN_DOCUMENTATION_COMMENTS = YES;
				CLANG_WARN_EMPTY_BODY = YES;
				CLANG_WARN_ENUM_CONVERSION = YES;
				CLANG_WARN_INFINITE_RECURSION = YES;
				CLANG_WARN_INT_CONVERSION = YES;
				CLANG_WARN_NON_LITERAL_NULL_CONVERSION = YES;
				CLANG_WARN_OBJC_IMPLICIT_RETAIN_SELF = YES;
				CLANG_WARN_OBJC_LITERAL_CONVERSION = YES;
				CLANG_WARN_OBJC_ROOT_CLASS = YES_ERROR;
				CLANG_WARN_QUOTED_INCLUDE_IN_FRAMEWORK_HEADER = YES;
				CLANG_WARN_RANGE_LOOP_ANALYSIS = YES;
				CLANG_WARN_STRICT_PROTOTYPES = YES;
				CLANG_WARN_SUSPICIOUS_MOVE = YES;
				CLANG_WARN_UNGUARDED_AVAILABILITY = YES_AGGRESSIVE;
				CLANG_WARN_UNREACHABLE_CODE = YES;
				CLANG_WARN__DUPLICATE_METHOD_MATCH = YES;
				COPY_PHASE_STRIP = NO;
				DEBUG_INFORMATION_FORMAT = "dwarf-with-dsym";
				ENABLE_NS_ASSERTIONS = NO;
				ENABLE_STRICT_OBJC_MSGSEND = YES;
				GCC_C_LANGUAGE_STANDARD = gnu11;
				GCC_NO_COMMON_BLOCKS = YES;
				GCC_WARN_64_TO_32_BIT_CONVERSION = YES;
				GCC_WARN_ABOUT_RETURN_TYPE = YES_ERROR;
				GCC_WARN_UNDECLARED_SELECTOR = YES;
				GCC_WARN_UNINITIALIZED_AUTOS = YES_AGGRESSIVE;
				GCC_WARN_UNUSED_FUNCTION = YES;
				GCC_WARN_UNUSED_VARIABLE = YES;
				IPHONEOS_DEPLOYMENT_TARGET = 13.0;
				MTL_ENABLE_DEBUG_INFO = NO;
				MTL_FAST_MATH = YES;
				SDKROOT = iphoneos;
				SWIFT_COMPILATION_MODE = wholemodule;
				SWIFT_OPTIMIZATION_LEVEL = "-O";
				VALIDATE_PRODUCT = YES;
			};
			name = Release;
		};
		7104D02428B3842200040ACD /* Debug */ = {
			isa = XCBuildConfiguration;
			baseConfigurationReference = FD6EFEFFED78371B9E1AC624 /* Pods-ImagePuzzle.debug.xcconfig */;
			buildSettings = {
				ASSETCATALOG_COMPILER_APPICON_NAME = AppIcon;
				ASSETCATALOG_COMPILER_GLOBAL_ACCENT_COLOR_NAME = AccentColor;
				CODE_SIGN_STYLE = Automatic;
				CURRENT_PROJECT_VERSION = 1;
				DEVELOPMENT_TEAM = 792N87PWZU;
				GENERATE_INFOPLIST_FILE = YES;
				INFOPLIST_FILE = ImagePuzzle/Info.plist;
				INFOPLIST_KEY_UIApplicationSupportsIndirectInputEvents = YES;
				INFOPLIST_KEY_UILaunchStoryboardName = LaunchScreen;
				INFOPLIST_KEY_UIMainStoryboardFile = Main;
				INFOPLIST_KEY_UISupportedInterfaceOrientations_iPad = "UIInterfaceOrientationPortrait UIInterfaceOrientationPortraitUpsideDown UIInterfaceOrientationLandscapeLeft UIInterfaceOrientationLandscapeRight";
				INFOPLIST_KEY_UISupportedInterfaceOrientations_iPhone = "UIInterfaceOrientationPortrait UIInterfaceOrientationLandscapeLeft UIInterfaceOrientationLandscapeRight";
				IPHONEOS_DEPLOYMENT_TARGET = 13.0;
				LD_RUNPATH_SEARCH_PATHS = (
					"$(inherited)",
					"@executable_path/Frameworks",
				);
				MARKETING_VERSION = 1.0;
				PRODUCT_BUNDLE_IDENTIFIER = com.mnis.ImagePuzzle;
				PRODUCT_NAME = "$(TARGET_NAME)";
				SWIFT_EMIT_LOC_STRINGS = YES;
				SWIFT_VERSION = 5.0;
				TARGETED_DEVICE_FAMILY = "1,2";
			};
			name = Debug;
		};
		7104D02528B3842200040ACD /* Release */ = {
			isa = XCBuildConfiguration;
			baseConfigurationReference = 211770F8F1A86EA389F9086E /* Pods-ImagePuzzle.release.xcconfig */;
			buildSettings = {
				ASSETCATALOG_COMPILER_APPICON_NAME = AppIcon;
				ASSETCATALOG_COMPILER_GLOBAL_ACCENT_COLOR_NAME = AccentColor;
				CODE_SIGN_STYLE = Automatic;
				CURRENT_PROJECT_VERSION = 1;
				DEVELOPMENT_TEAM = 792N87PWZU;
				GENERATE_INFOPLIST_FILE = YES;
				INFOPLIST_FILE = ImagePuzzle/Info.plist;
				INFOPLIST_KEY_UIApplicationSupportsIndirectInputEvents = YES;
				INFOPLIST_KEY_UILaunchStoryboardName = LaunchScreen;
				INFOPLIST_KEY_UIMainStoryboardFile = Main;
				INFOPLIST_KEY_UISupportedInterfaceOrientations_iPad = "UIInterfaceOrientationPortrait UIInterfaceOrientationPortraitUpsideDown UIInterfaceOrientationLandscapeLeft UIInterfaceOrientationLandscapeRight";
				INFOPLIST_KEY_UISupportedInterfaceOrientations_iPhone = "UIInterfaceOrientationPortrait UIInterfaceOrientationLandscapeLeft UIInterfaceOrientationLandscapeRight";
				IPHONEOS_DEPLOYMENT_TARGET = 13.0;
				LD_RUNPATH_SEARCH_PATHS = (
					"$(inherited)",
					"@executable_path/Frameworks",
				);
				MARKETING_VERSION = 1.0;
				PRODUCT_BUNDLE_IDENTIFIER = com.mnis.ImagePuzzle;
				PRODUCT_NAME = "$(TARGET_NAME)";
				SWIFT_EMIT_LOC_STRINGS = YES;
				SWIFT_VERSION = 5.0;
				TARGETED_DEVICE_FAMILY = "1,2";
			};
			name = Release;
		};
		7104D02728B3842200040ACD /* Debug */ = {
			isa = XCBuildConfiguration;
			baseConfigurationReference = DA1CD0D778FF8A5A4ED5DFC1 /* Pods-ImagePuzzleTests.debug.xcconfig */;
			buildSettings = {
				ALWAYS_EMBED_SWIFT_STANDARD_LIBRARIES = YES;
				BUNDLE_LOADER = "$(TEST_HOST)";
				CODE_SIGN_STYLE = Automatic;
				CURRENT_PROJECT_VERSION = 1;
				DEVELOPMENT_TEAM = 792N87PWZU;
				GENERATE_INFOPLIST_FILE = YES;
				IPHONEOS_DEPLOYMENT_TARGET = 15.5;
				MARKETING_VERSION = 1.0;
				PRODUCT_BUNDLE_IDENTIFIER = com.mnis.ImagePuzzleTests;
				PRODUCT_NAME = "$(TARGET_NAME)";
				SWIFT_EMIT_LOC_STRINGS = NO;
				SWIFT_VERSION = 5.0;
				TARGETED_DEVICE_FAMILY = "1,2";
				TEST_HOST = "$(BUILT_PRODUCTS_DIR)/ImagePuzzle.app/ImagePuzzle";
			};
			name = Debug;
		};
		7104D02828B3842200040ACD /* Release */ = {
			isa = XCBuildConfiguration;
			baseConfigurationReference = 14BC144FC7B0128D1473D90E /* Pods-ImagePuzzleTests.release.xcconfig */;
			buildSettings = {
				ALWAYS_EMBED_SWIFT_STANDARD_LIBRARIES = YES;
				BUNDLE_LOADER = "$(TEST_HOST)";
				CODE_SIGN_STYLE = Automatic;
				CURRENT_PROJECT_VERSION = 1;
				DEVELOPMENT_TEAM = 792N87PWZU;
				GENERATE_INFOPLIST_FILE = YES;
				IPHONEOS_DEPLOYMENT_TARGET = 15.5;
				MARKETING_VERSION = 1.0;
				PRODUCT_BUNDLE_IDENTIFIER = com.mnis.ImagePuzzleTests;
				PRODUCT_NAME = "$(TARGET_NAME)";
				SWIFT_EMIT_LOC_STRINGS = NO;
				SWIFT_VERSION = 5.0;
				TARGETED_DEVICE_FAMILY = "1,2";
				TEST_HOST = "$(BUILT_PRODUCTS_DIR)/ImagePuzzle.app/ImagePuzzle";
			};
			name = Release;
		};
		7104D02A28B3842200040ACD /* Debug */ = {
			isa = XCBuildConfiguration;
			baseConfigurationReference = DB27FB4341E1669E35A24FB8 /* Pods-ImagePuzzle-ImagePuzzleUITests.debug.xcconfig */;
			buildSettings = {
				ALWAYS_EMBED_SWIFT_STANDARD_LIBRARIES = YES;
				CODE_SIGN_STYLE = Automatic;
				CURRENT_PROJECT_VERSION = 1;
				DEVELOPMENT_TEAM = 792N87PWZU;
				GENERATE_INFOPLIST_FILE = YES;
				MARKETING_VERSION = 1.0;
				PRODUCT_BUNDLE_IDENTIFIER = com.mnis.ImagePuzzleUITests;
				PRODUCT_NAME = "$(TARGET_NAME)";
				SWIFT_EMIT_LOC_STRINGS = NO;
				SWIFT_VERSION = 5.0;
				TARGETED_DEVICE_FAMILY = "1,2";
				TEST_TARGET_NAME = ImagePuzzle;
			};
			name = Debug;
		};
		7104D02B28B3842200040ACD /* Release */ = {
			isa = XCBuildConfiguration;
			baseConfigurationReference = 2F92407A8C936FBA67E0E8E0 /* Pods-ImagePuzzle-ImagePuzzleUITests.release.xcconfig */;
			buildSettings = {
				ALWAYS_EMBED_SWIFT_STANDARD_LIBRARIES = YES;
				CODE_SIGN_STYLE = Automatic;
				CURRENT_PROJECT_VERSION = 1;
				DEVELOPMENT_TEAM = 792N87PWZU;
				GENERATE_INFOPLIST_FILE = YES;
				MARKETING_VERSION = 1.0;
				PRODUCT_BUNDLE_IDENTIFIER = com.mnis.ImagePuzzleUITests;
				PRODUCT_NAME = "$(TARGET_NAME)";
				SWIFT_EMIT_LOC_STRINGS = NO;
				SWIFT_VERSION = 5.0;
				TARGETED_DEVICE_FAMILY = "1,2";
				TEST_TARGET_NAME = ImagePuzzle;
			};
			name = Release;
		};
/* End XCBuildConfiguration section */

/* Begin XCConfigurationList section */
		7104CFF428B3842100040ACD /* Build configuration list for PBXProject "ImagePuzzle" */ = {
			isa = XCConfigurationList;
			buildConfigurations = (
				7104D02128B3842200040ACD /* Debug */,
				7104D02228B3842200040ACD /* Release */,
			);
			defaultConfigurationIsVisible = 0;
			defaultConfigurationName = Release;
		};
		7104D02328B3842200040ACD /* Build configuration list for PBXNativeTarget "ImagePuzzle" */ = {
			isa = XCConfigurationList;
			buildConfigurations = (
				7104D02428B3842200040ACD /* Debug */,
				7104D02528B3842200040ACD /* Release */,
			);
			defaultConfigurationIsVisible = 0;
			defaultConfigurationName = Release;
		};
		7104D02628B3842200040ACD /* Build configuration list for PBXNativeTarget "ImagePuzzleTests" */ = {
			isa = XCConfigurationList;
			buildConfigurations = (
				7104D02728B3842200040ACD /* Debug */,
				7104D02828B3842200040ACD /* Release */,
			);
			defaultConfigurationIsVisible = 0;
			defaultConfigurationName = Release;
		};
		7104D02928B3842200040ACD /* Build configuration list for PBXNativeTarget "ImagePuzzleUITests" */ = {
			isa = XCConfigurationList;
			buildConfigurations = (
				7104D02A28B3842200040ACD /* Debug */,
				7104D02B28B3842200040ACD /* Release */,
			);
			defaultConfigurationIsVisible = 0;
			defaultConfigurationName = Release;
		};
/* End XCConfigurationList section */
	};
	rootObject = 7104CFF128B3842100040ACD /* Project object */;
}
